# THIS IS AN AUTOGENERATED FILE. DO NOT EDIT THIS FILE DIRECTLY.
# yarn lockfile v1


"@komondor-lab/plugin-fixture-deep-link@^1.0.2":
  version "1.0.2"
  resolved "https://registry.yarnpkg.com/@komondor-lab/plugin-fixture-deep-link/-/plugin-fixture-deep-link-1.0.2.tgz#4fccc52370ce612b234a5918c36b9ebefeacd436"
  integrity sha512-jDrXPB+Oz+7MEHzclJvn9Rg2ip/TipwNr8afNbc/PRhPwsoFRrzT+D13oqKTHSxJBYfkfpsCf68FIYPHUv1cVw==

"@komondor-lab/plugin-fixture-dummy@^1.0.3":
  version "1.0.3"
  resolved "https://registry.yarnpkg.com/@komondor-lab/plugin-fixture-dummy/-/plugin-fixture-dummy-1.0.3.tgz#ed8da16d34b8b0e1ab457a13c0e564dfe036b658"
  integrity sha512-mo0q5PcTWNWNFtSq3GG1NlAIPKeb0fhe6Ind5bmGTfkWd5XutKjLi5lUmk2wkVasq5e4XZhYqOlFhUgLiPq1DA==
