{
  "name": "singleplugin",
  "version": "1.0.0",
  "lockfileVersion": 1,
  "requires": true,
  "dependencies": {
    "@unional/logging": {
      "version": "0.2.5",
      "resolved": "https://registry.npmjs.org/@unional/logging/-/logging-0.2.5.tgz",
      "integrity": "sha512-T2UJLldus8tgCtBDzm4rBOWDIKo72RHqny6JA4PfOZCaKkikfP1Xo7pWKLHK4KSZefYxj90b7y+cwkPyxWnI3Q==",
      "dev": true,
      "requires": {
        "aurelia-logging": "1.4.0",
        "global-store": "0.7.2"
      }
    },
    "assertron": {
      "version": "3.4.1",
      "resolved": "https://registry.npmjs.org/assertron/-/assertron-3.4.1.tgz",
      "integrity": "sha512-Pghchq2DDgKZz4JnJblhrA1mgYXEIsauAIICLsSuRWajg/e4UfcelHtzsKpu1ZBk8EHBnje2PQJUpg0nkm/D8Q==",
      "dev": true,
      "requires": {
        "satisfier": "4.1.1",
        "tersify": "1.2.2"
      }
    },
    "async-limiter": {
      "version": "1.0.0",
      "resolved": "https://registry.npmjs.org/async-limiter/-/async-limiter-1.0.0.tgz",
      "integrity": "sha512-jp/uFnooOiO+L211eZOoSyzpOITMXx1rBITauYykG3BRYPu8h0UcxsPNB04RR5vo4Tyz3+ay17tR6JVf9qzYWg==",
      "dev": true
    },
    "aurelia-logging": {
      "version": "1.4.0",
      "resolved": "https://registry.npmjs.org/aurelia-logging/-/aurelia-logging-1.4.0.tgz",
      "integrity": "sha1-BPt6p0AVWT96FbIlvuuge30U3NU=",
      "dev": true
    },
    "flux-standard-action": {
      "version": "2.0.1",
      "resolved": "https://registry.npmjs.org/flux-standard-action/-/flux-standard-action-2.0.1.tgz",
      "integrity": "sha512-p/bl/5ctITsyl9zE+LRXhEguJjZsz7ViQ1lx6VxYUyt5BliZQ/l0rzYuLnJ0H90lj54rcupxdWfE5KU3LutRwQ==",
      "dev": true,
      "requires": {
        "lodash": "4.17.5"
      }
    },
    "global-store": {
      "version": "0.7.2",
      "resolved": "https://registry.npmjs.org/global-store/-/global-store-0.7.2.tgz",
      "integrity": "sha512-0yNPF2bnABIdc0MtTRIA9PxZL+lPYRMD1hu7EruxiAb35jpAaSsGUJmFrsZCZlEfQQVKuEsysa2jWicPkdsX2g==",
      "dev": true
    },
    "komondor": {
      "version": "4.7.1",
      "resolved": "https://registry.npmjs.org/komondor/-/komondor-4.7.1.tgz",
      "integrity": "sha512-cdMIg/9PpPsKhxDlEHaYTx9o1oHsJuxPWHQJQeDyNcJFcbXupGqqlu39nSoLJ+X8cS7XkiZozosujWtuRUum0w==",
      "dev": true,
      "requires": {
        "@unional/logging": "0.2.5",
        "assertron": "3.4.1",
        "flux-standard-action": "2.0.1",
        "node-fetch": "2.0.0",
        "satisfier": "4.1.1",
        "tersify": "1.2.2"
      }
    },
    "komondor-plugin-ws": {
      "version": "1.0.0",
      "resolved": "https://registry.npmjs.org/komondor-plugin-ws/-/komondor-plugin-ws-1.0.0.tgz",
      "integrity": "sha512-fCE21Le4kZMNzWWra+MNlNcWxQrOBaVyPVPh8DTgC741RG2VYHK6FmaWjyx3wjfIbCt86lY95flQWOuaybGzwg==",
      "dev": true,
      "requires": {
        "satisfier": "4.1.1"
      }
    },
    "lodash": {
      "version": "4.17.5",
      "resolved": "https://registry.npmjs.org/lodash/-/lodash-4.17.5.tgz",
      "integrity": "sha512-svL3uiZf1RwhH+cWrfZn3A4+U58wbP0tGVTLQPbjplZxZ8ROD9VLuNgsRniTlLe7OlSqR79RUehXgpBW/s0IQw==",
      "dev": true
    },
    "lodash.merge": {
      "version": "4.6.1",
      "resolved": "https://registry.npmjs.org/lodash.merge/-/lodash.merge-4.6.1.tgz",
      "integrity": "sha512-AOYza4+Hf5z1/0Hztxpm2/xiPZgi/cjMqdnKTUWTBSKchJlxXXuUSxCCl8rJlf4g6yww/j6mA8nC8Hw/EZWxKQ==",
      "dev": true
    },
    "node-fetch": {
      "version": "2.0.0",
      "resolved": "https://registry.npmjs.org/node-fetch/-/node-fetch-2.0.0.tgz",
      "integrity": "sha1-mCu6Q+zU8pIqKcwYamu7C7c/y6Y=",
      "dev": true
    },
    "safe-buffer": {
      "version": "5.1.1",
      "resolved": "https://registry.npmjs.org/safe-buffer/-/safe-buffer-5.1.1.tgz",
      "integrity": "sha512-kKvNJn6Mm93gAczWVJg7wH+wGYWNrDHdWvpUmHyEsgCtIwwo3bqPtV4tR5tuPaUhTOo/kvhVwd8XwwOllGYkbg==",
      "dev": true
    },
    "satisfier": {
      "version": "4.1.1",
      "resolved": "https://registry.npmjs.org/satisfier/-/satisfier-4.1.1.tgz",
      "integrity": "sha512-UKFNz8GGTllvXFvapmCzbKQQeWtO0XsDwVjj7sBbUl5y0btIeKBCOnEUnDrrUKdo+Y1/9Xk3tS1ssxQd2Ph4Og==",
      "dev": true,
      "requires": {
        "tersify": "1.2.2"
      }
    },
    "tersify": {
      "version": "1.2.2",
      "resolved": "https://registry.npmjs.org/tersify/-/tersify-1.2.2.tgz",
      "integrity": "sha512-8gsDoAXkW742g3CzR4NUDI2xRO3PSTNAuHoLx9TVfCrOgs9/UW1w/Ujt1gO2MuvzrdK99Ywadx2OYOSAHr4rsA==",
      "dev": true,
      "requires": {
        "unpartial": "0.4.1"
      }
    },
    "ultron": {
      "version": "1.1.1",
      "resolved": "https://registry.npmjs.org/ultron/-/ultron-1.1.1.tgz",
      "integrity": "sha512-UIEXBNeYmKptWH6z8ZnqTeS8fV74zG0/eRU9VGkpzz+LIJNs8W/zM/L+7ctCkRrgbNnnR0xxw4bKOr0cW0N0Og==",
      "dev": true
    },
    "unpartial": {
      "version": "0.4.1",
      "resolved": "https://registry.npmjs.org/unpartial/-/unpartial-0.4.1.tgz",
      "integrity": "sha512-0FeUzDmi7b1s5h/inbOFIBOcnTMP549lAjOxsJtAFbUaFYwoOhINL1Z9s4lO36qFXB5JsYF7Np+FtRomcZpU0Q==",
      "dev": true,
      "requires": {
        "lodash.merge": "4.6.1"
      }
    },
    "ws": {
      "version": "4.0.0",
      "resolved": "https://registry.npmjs.org/ws/-/ws-4.0.0.tgz",
      "integrity": "sha512-QYslsH44bH8O7/W2815u5DpnCpXWpEK44FmaHffNwgJI4JMaSZONgPBTOfrxJ29mXKbXak+LsJ2uAkDTYq2ptQ==",
      "dev": true,
      "requires": {
        "async-limiter": "1.0.0",
        "safe-buffer": "5.1.1",
        "ultron": "1.1.1"
      }
    }
  }
}
