# THIS IS AN AUTOGENERATED FILE. DO NOT EDIT THIS FILE DIRECTLY.
# yarn lockfile v1


"@mocktomata/plugin-fixture-dummy@^1.0.3":
  version "1.0.3"
  resolved "https://registry.yarnpkg.com/@mocktomata/plugin-fixture-dummy/-/plugin-fixture-dummy-1.0.3.tgz#ed8da16d34b8b0e1ab457a13c0e564dfe036b658"
  integrity sha512-mo0q5PcTWNWNFtSq3GG1NlAIPKeb0fhe6Ind5bmGTfkWd5XutKjLi5lUmk2wkVasq5e4XZhYqOlFhUgLiPq1DA==
